
Microsoft Visual Studio Solution File, Format Version 12.00
Project("{2150E333-8FDC-42A3-9474-1A3956D46DE8}") = "Presentation", "Presentation", "{D37C211A-1F08-4259-828D-2D6848C18AAC}"
EndProject
Project("{2150E333-8FDC-42A3-9474-1A3956D46DE8}") = "Core", "Core", "{DABC22FD-2063-4085-92AA-031CF2308AE1}"
EndProject
Project("{2150E333-8FDC-42A3-9474-1A3956D46DE8}") = "Infrastructure", "Infrastructure", "{A780E1A4-8E9E-4539-A81E-88A32B3FAE44}"
EndProject
Project("{FAE04EC0-301F-11D3-BF4B-00C04F79EFBC}") = "Domain", "Domain\Domain.csproj", "{0B3EB745-16C8-4191-BE5B-E06672FB6FEC}"
EndProject
Project("{FAE04EC0-301F-11D3-BF4B-00C04F79EFBC}") = "Persistance", "Persistance\Persistance.csproj", "{9E6F461F-912C-49E0-903B-A7846510B0A0}"
EndProject
Project("{FAE04EC0-301F-11D3-BF4B-00C04F79EFBC}") = "Identity", "Identity\Identity.csproj", "{0E10E7A8-4C42-45E3-965F-C77ADC08AA22}"
EndProject
Project("{FAE04EC0-301F-11D3-BF4B-00C04F79EFBC}") = "Application", "Application\Application.csproj", "{AB666BC9-502C-45C0-902D-4179BD478703}"
EndProject
Project("{FAE04EC0-301F-11D3-BF4B-00C04F79EFBC}") = "Gui", "Gui\Gui.csproj", "{EE379E4A-E389-419B-8BC7-024DCC405EAF}"
EndProject
Project("{FAE04EC0-301F-11D3-BF4B-00C04F79EFBC}") = "Api", "Api\Api.csproj", "{44191777-C84E-4AD3-8972-8F26FF6C43D7}"
EndProject
Global
	GlobalSection(SolutionConfigurationPlatforms) = preSolution
		Debug|Any CPU = Debug|Any CPU
		Release|Any CPU = Release|Any CPU
	EndGlobalSection
	GlobalSection(NestedProjects) = preSolution
		{0B3EB745-16C8-4191-BE5B-E06672FB6FEC} = {DABC22FD-2063-4085-92AA-031CF2308AE1}
		{9E6F461F-912C-49E0-903B-A7846510B0A0} = {A780E1A4-8E9E-4539-A81E-88A32B3FAE44}
		{0E10E7A8-4C42-45E3-965F-C77ADC08AA22} = {A780E1A4-8E9E-4539-A81E-88A32B3FAE44}
		{AB666BC9-502C-45C0-902D-4179BD478703} = {DABC22FD-2063-4085-92AA-031CF2308AE1}
		{EE379E4A-E389-419B-8BC7-024DCC405EAF} = {D37C211A-1F08-4259-828D-2D6848C18AAC}
		{44191777-C84E-4AD3-8972-8F26FF6C43D7} = {D37C211A-1F08-4259-828D-2D6848C18AAC}
	EndGlobalSection
	GlobalSection(ProjectConfigurationPlatforms) = postSolution
		{0B3EB745-16C8-4191-BE5B-E06672FB6FEC}.Debug|Any CPU.ActiveCfg = Debug|Any CPU
		{0B3EB745-16C8-4191-BE5B-E06672FB6FEC}.Debug|Any CPU.Build.0 = Debug|Any CPU
		{0B3EB745-16C8-4191-BE5B-E06672FB6FEC}.Release|Any CPU.ActiveCfg = Release|Any CPU
		{0B3EB745-16C8-4191-BE5B-E06672FB6FEC}.Release|Any CPU.Build.0 = Release|Any CPU
		{9E6F461F-912C-49E0-903B-A7846510B0A0}.Debug|Any CPU.ActiveCfg = Debug|Any CPU
		{9E6F461F-912C-49E0-903B-A7846510B0A0}.Debug|Any CPU.Build.0 = Debug|Any CPU
		{9E6F461F-912C-49E0-903B-A7846510B0A0}.Release|Any CPU.ActiveCfg = Release|Any CPU
		{9E6F461F-912C-49E0-903B-A7846510B0A0}.Release|Any CPU.Build.0 = Release|Any CPU
		{0E10E7A8-4C42-45E3-965F-C77ADC08AA22}.Debug|Any CPU.ActiveCfg = Debug|Any CPU
		{0E10E7A8-4C42-45E3-965F-C77ADC08AA22}.Debug|Any CPU.Build.0 = Debug|Any CPU
		{0E10E7A8-4C42-45E3-965F-C77ADC08AA22}.Release|Any CPU.ActiveCfg = Release|Any CPU
		{0E10E7A8-4C42-45E3-965F-C77ADC08AA22}.Release|Any CPU.Build.0 = Release|Any CPU
		{AB666BC9-502C-45C0-902D-4179BD478703}.Debug|Any CPU.ActiveCfg = Debug|Any CPU
		{AB666BC9-502C-45C0-902D-4179BD478703}.Debug|Any CPU.Build.0 = Debug|Any CPU
		{AB666BC9-502C-45C0-902D-4179BD478703}.Release|Any CPU.ActiveCfg = Release|Any CPU
		{AB666BC9-502C-45C0-902D-4179BD478703}.Release|Any CPU.Build.0 = Release|Any CPU
		{EE379E4A-E389-419B-8BC7-024DCC405EAF}.Debug|Any CPU.ActiveCfg = Debug|Any CPU
		{EE379E4A-E389-419B-8BC7-024DCC405EAF}.Debug|Any CPU.Build.0 = Debug|Any CPU
		{EE379E4A-E389-419B-8BC7-024DCC405EAF}.Release|Any CPU.ActiveCfg = Release|Any CPU
		{EE379E4A-E389-419B-8BC7-024DCC405EAF}.Release|Any CPU.Build.0 = Release|Any CPU
		{44191777-C84E-4AD3-8972-8F26FF6C43D7}.Debug|Any CPU.ActiveCfg = Debug|Any CPU
		{44191777-C84E-4AD3-8972-8F26FF6C43D7}.Debug|Any CPU.Build.0 = Debug|Any CPU
		{44191777-C84E-4AD3-8972-8F26FF6C43D7}.Release|Any CPU.ActiveCfg = Release|Any CPU
		{44191777-C84E-4AD3-8972-8F26FF6C43D7}.Release|Any CPU.Build.0 = Release|Any CPU
	EndGlobalSection
EndGlobal
